
Microsoft Visual Studio Solution File, Format Version 12.00
# Visual Studio Version 16
VisualStudioVersion = 16.0.31911.196
MinimumVisualStudioVersion = 10.0.40219.1
Project("{9A19103F-16F7-4668-BE54-9A1E7A4F7556}") = "twosum", "homework5\twosum.csproj", "{D6205760-EB01-4A6B-8810-75E86F654F07}"
EndProject
Project("{9A19103F-16F7-4668-BE54-9A1E7A4F7556}") = "twosumTests", "homework5Tests\twosumTests.csproj", "{AE7BE464-507F-4179-90E9-CADD2F3DE2B6}"
EndProject
Global
	GlobalSection(SolutionConfigurationPlatforms) = preSolution
		Debug|Any CPU = Debug|Any CPU
		Release|Any CPU = Release|Any CPU
	EndGlobalSection
	GlobalSection(ProjectConfigurationPlatforms) = postSolution
		{D6205760-EB01-4A6B-8810-75E86F654F07}.Debug|Any CPU.ActiveCfg = Debug|Any CPU
		{D6205760-EB01-4A6B-8810-75E86F654F07}.Debug|Any CPU.Build.0 = Debug|Any CPU
		{D6205760-EB01-4A6B-8810-75E86F654F07}.Release|Any CPU.ActiveCfg = Release|Any CPU
		{D6205760-EB01-4A6B-8810-75E86F654F07}.Release|Any CPU.Build.0 = Release|Any CPU
		{AE7BE464-507F-4179-90E9-CADD2F3DE2B6}.Debug|Any CPU.ActiveCfg = Debug|Any CPU
		{AE7BE464-507F-4179-90E9-CADD2F3DE2B6}.Debug|Any CPU.Build.0 = Debug|Any CPU
		{AE7BE464-507F-4179-90E9-CADD2F3DE2B6}.Release|Any CPU.ActiveCfg = Release|Any CPU
		{AE7BE464-507F-4179-90E9-CADD2F3DE2B6}.Release|Any CPU.Build.0 = Release|Any CPU
	EndGlobalSection
	GlobalSection(SolutionProperties) = preSolution
		HideSolutionNode = FALSE
	EndGlobalSection
	GlobalSection(ExtensibilityGlobals) = postSolution
		SolutionGuid = {AA19265D-9091-44A8-BCD4-FD3906532B77}
	EndGlobalSection
EndGlobal
